# This file is generated by running "yarn install" inside your project.
# Manual changes might be lost - proceed with caution!

__metadata:
  version: 8
  cacheKey: 10c0

"@prettier/plugin-php@npm:^0.22.4":
  version: 0.22.4
  resolution: "@prettier/plugin-php@npm:0.22.4"
  dependencies:
    linguist-languages: "npm:^7.27.0"
    php-parser: "npm:^3.1.5"
  peerDependencies:
    prettier: ^3.0.0
  checksum: 10c0/31b46f52caad02ca41fc64a21676d26d4c8100f188a2d61107909e36e09c6a6342d474deea99f6abd62bce943b43d1ae0242281eba207e9376e72bfeba619cf3
  languageName: node
  linkType: hard

"linguist-languages@npm:^7.27.0":
  version: 7.31.2
  resolution: "linguist-languages@npm:7.31.2"
  checksum: 10c0/ed28967c5e3088ddf4de0363de0c7cbbe03d8dbe91655edfce440b84c51aeac1c295df8807c05ae23411246d6c2f3155da2cceda8ed678e8476d0e0d16d5cb15
  languageName: node
  linkType: hard

"oak@workspace:.":
  version: 0.0.0-use.local
  resolution: "oak@workspace:."
  dependencies:
    "@prettier/plugin-php": "npm:^0.22.4"
    prettier: "npm:^3.5.3"
  languageName: unknown
  linkType: soft

"php-parser@npm:^3.1.5":
  version: 3.2.5
  resolution: "php-parser@npm:3.2.5"
  checksum: 10c0/e10aecf072d472e40f7501c611398a03bf67152004a6d971b813cd538866edc9a09d6a12f4bef790f253446a15a56134a3405ca159189983c9460446af08c3c5
  languageName: node
  linkType: hard

"prettier@npm:^3.5.3":
  version: 3.6.2
  resolution: "prettier@npm:3.6.2"
  bin:
    prettier: bin/prettier.cjs
  checksum: 10c0/488cb2f2b99ec13da1e50074912870217c11edaddedeadc649b1244c749d15ba94e846423d062e2c4c9ae683e2d65f754de28889ba06e697ac4f988d44f45812
  languageName: node
  linkType: hard
